{
  "requires": true,
  "lockfileVersion": 1,
  "dependencies": {
    "react-notifications-component": {
      "version": "3.0.2",
      "resolved": "https://registry.npmjs.org/react-notifications-component/-/react-notifications-component-3.0.2.tgz",
      "integrity": "sha512-LzZgB5CatNoC+9letZ8QhvorT+6BEzqc8fxJ6r8x2mu/s1B3YH1zmd+uFGk64EKoeRSukMVOaAoVBYTwoqMVXg=="
    }
  }
}
